
Microsoft Visual Studio Solution File, Format Version 12.00
Project("{FAE04EC0-301F-11D3-BF4B-00C04F79EFBC}") = "NumberToWordsConverter.Api", "NumberToWordsConverter.Api\NumberToWordsConverter.Api.csproj", "{D8AB1D83-BD39-4CC4-A5B1-ABEB5B0846CF}"
EndProject
Project("{FAE04EC0-301F-11D3-BF4B-00C04F79EFBC}") = "NumberToWordsConverter.Tests", "NumberToWordsConverter.Tests\NumberToWordsConverter.Tests.csproj", "{340D4AB6-FA7C-4573-B644-C5C60D350995}"
EndProject
Global
	GlobalSection(SolutionConfigurationPlatforms) = preSolution
		Debug|Any CPU = Debug|Any CPU
		Debug|x64 = Debug|x64
		Debug|x86 = Debug|x86
		Release|Any CPU = Release|Any CPU
		Release|x64 = Release|x64
		Release|x86 = Release|x86
	EndGlobalSection
	GlobalSection(ProjectConfigurationPlatforms) = postSolution
		{D8AB1D83-BD39-4CC4-A5B1-ABEB5B0846CF}.Debug|Any CPU.ActiveCfg = Debug|Any CPU
		{D8AB1D83-BD39-4CC4-A5B1-ABEB5B0846CF}.Debug|Any CPU.Build.0 = Debug|Any CPU
		{D8AB1D83-BD39-4CC4-A5B1-ABEB5B0846CF}.Debug|x64.ActiveCfg = Debug|Any CPU
		{D8AB1D83-BD39-4CC4-A5B1-ABEB5B0846CF}.Debug|x64.Build.0 = Debug|Any CPU
		{D8AB1D83-BD39-4CC4-A5B1-ABEB5B0846CF}.Debug|x86.ActiveCfg = Debug|Any CPU
		{D8AB1D83-BD39-4CC4-A5B1-ABEB5B0846CF}.Debug|x86.Build.0 = Debug|Any CPU
		{D8AB1D83-BD39-4CC4-A5B1-ABEB5B0846CF}.Release|Any CPU.ActiveCfg = Release|Any CPU
		{D8AB1D83-BD39-4CC4-A5B1-ABEB5B0846CF}.Release|Any CPU.Build.0 = Release|Any CPU
		{D8AB1D83-BD39-4CC4-A5B1-ABEB5B0846CF}.Release|x64.ActiveCfg = Release|Any CPU
		{D8AB1D83-BD39-4CC4-A5B1-ABEB5B0846CF}.Release|x64.Build.0 = Release|Any CPU
		{D8AB1D83-BD39-4CC4-A5B1-ABEB5B0846CF}.Release|x86.ActiveCfg = Release|Any CPU
		{D8AB1D83-BD39-4CC4-A5B1-ABEB5B0846CF}.Release|x86.Build.0 = Release|Any CPU
		{340D4AB6-FA7C-4573-B644-C5C60D350995}.Debug|Any CPU.ActiveCfg = Debug|Any CPU
		{340D4AB6-FA7C-4573-B644-C5C60D350995}.Debug|Any CPU.Build.0 = Debug|Any CPU
		{340D4AB6-FA7C-4573-B644-C5C60D350995}.Debug|x64.ActiveCfg = Debug|Any CPU
		{340D4AB6-FA7C-4573-B644-C5C60D350995}.Debug|x64.Build.0 = Debug|Any CPU
		{340D4AB6-FA7C-4573-B644-C5C60D350995}.Debug|x86.ActiveCfg = Debug|Any CPU
		{340D4AB6-FA7C-4573-B644-C5C60D350995}.Debug|x86.Build.0 = Debug|Any CPU
		{340D4AB6-FA7C-4573-B644-C5C60D350995}.Release|Any CPU.ActiveCfg = Release|Any CPU
		{340D4AB6-FA7C-4573-B644-C5C60D350995}.Release|Any CPU.Build.0 = Release|Any CPU
		{340D4AB6-FA7C-4573-B644-C5C60D350995}.Release|x64.ActiveCfg = Release|Any CPU
		{340D4AB6-FA7C-4573-B644-C5C60D350995}.Release|x64.Build.0 = Release|Any CPU
		{340D4AB6-FA7C-4573-B644-C5C60D350995}.Release|x86.ActiveCfg = Release|Any CPU
		{340D4AB6-FA7C-4573-B644-C5C60D350995}.Release|x86.Build.0 = Release|Any CPU
	EndGlobalSection
	GlobalSection(SolutionProperties) = preSolution
		HideSolutionNode = FALSE
	EndGlobalSection
EndGlobal
